
Microsoft Visual Studio Solution File, Format Version 12.00
# Visual Studio Version 17
VisualStudioVersion = 17.14.37502.11
MinimumVisualStudioVersion = 10.0.40219.1
Project("{FAE04EC0-301F-11D3-BF4B-00C04F79EFBC}") = "AssignmentDesk.Api", "Assignment Desk\AssignmentDesk.Api.csproj", "{50A22FD6-3D7C-4E60-92B3-4FD5D3B393CC}"
EndProject
Project("{FAE04EC0-301F-11D3-BF4B-00C04F79EFBC}") = "AssignmentDesk.Domain", "AssignmentDesk.Domain\AssignmentDesk.Domain.csproj", "{6CDBAA17-6328-4A7B-BC55-0AE5EE723606}"
EndProject
Project("{FAE04EC0-301F-11D3-BF4B-00C04F79EFBC}") = "AssignmentDesk.Application", "AssignmentDesk.Application\AssignmentDesk.Application.csproj", "{F717FABE-0576-495B-98D5-0FD05162B5C8}"
EndProject
Project("{FAE04EC0-301F-11D3-BF4B-00C04F79EFBC}") = "AssignmentDesk.Infrastructure", "AssignmentDesk.Infrastructure\AssignmentDesk.Infrastructure.csproj", "{7EE75317-CF25-43EB-BBA0-A08B52E50EA4}"
EndProject
Project("{FAE04EC0-301F-11D3-BF4B-00C04F79EFBC}") = "AssignmentDesk.Tests", "AssignmentDesk.Tests\AssignmentDesk.Tests.csproj", "{CCB522FA-D3BE-4445-B3B9-D34BA1563657}"
EndProject
Global
	GlobalSection(SolutionConfigurationPlatforms) = preSolution
		Debug|Any CPU = Debug|Any CPU
		Release|Any CPU = Release|Any CPU
	EndGlobalSection
	GlobalSection(ProjectConfigurationPlatforms) = postSolution
		{50A22FD6-3D7C-4E60-92B3-4FD5D3B393CC}.Debug|Any CPU.ActiveCfg = Debug|Any CPU
		{50A22FD6-3D7C-4E60-92B3-4FD5D3B393CC}.Debug|Any CPU.Build.0 = Debug|Any CPU
		{50A22FD6-3D7C-4E60-92B3-4FD5D3B393CC}.Release|Any CPU.ActiveCfg = Release|Any CPU
		{50A22FD6-3D7C-4E60-92B3-4FD5D3B393CC}.Release|Any CPU.Build.0 = Release|Any CPU
		{6CDBAA17-6328-4A7B-BC55-0AE5EE723606}.Debug|Any CPU.ActiveCfg = Debug|Any CPU
		{6CDBAA17-6328-4A7B-BC55-0AE5EE723606}.Debug|Any CPU.Build.0 = Debug|Any CPU
		{6CDBAA17-6328-4A7B-BC55-0AE5EE723606}.Release|Any CPU.ActiveCfg = Release|Any CPU
		{6CDBAA17-6328-4A7B-BC55-0AE5EE723606}.Release|Any CPU.Build.0 = Release|Any CPU
		{F717FABE-0576-495B-98D5-0FD05162B5C8}.Debug|Any CPU.ActiveCfg = Debug|Any CPU
		{F717FABE-0576-495B-98D5-0FD05162B5C8}.Debug|Any CPU.Build.0 = Debug|Any CPU
		{F717FABE-0576-495B-98D5-0FD05162B5C8}.Release|Any CPU.ActiveCfg = Release|Any CPU
		{F717FABE-0576-495B-98D5-0FD05162B5C8}.Release|Any CPU.Build.0 = Release|Any CPU
		{7EE75317-CF25-43EB-BBA0-A08B52E50EA4}.Debug|Any CPU.ActiveCfg = Debug|Any CPU
		{7EE75317-CF25-43EB-BBA0-A08B52E50EA4}.Debug|Any CPU.Build.0 = Debug|Any CPU
		{7EE75317-CF25-43EB-BBA0-A08B52E50EA4}.Release|Any CPU.ActiveCfg = Release|Any CPU
		{7EE75317-CF25-43EB-BBA0-A08B52E50EA4}.Release|Any CPU.Build.0 = Release|Any CPU
		{CCB522FA-D3BE-4445-B3B9-D34BA1563657}.Debug|Any CPU.ActiveCfg = Debug|Any CPU
		{CCB522FA-D3BE-4445-B3B9-D34BA1563657}.Debug|Any CPU.Build.0 = Debug|Any CPU
		{CCB522FA-D3BE-4445-B3B9-D34BA1563657}.Release|Any CPU.ActiveCfg = Release|Any CPU
		{CCB522FA-D3BE-4445-B3B9-D34BA1563657}.Release|Any CPU.Build.0 = Release|Any CPU
	EndGlobalSection
	GlobalSection(SolutionProperties) = preSolution
		HideSolutionNode = FALSE
	EndGlobalSection
	GlobalSection(ExtensibilityGlobals) = postSolution
		SolutionGuid = {A175E9D7-DEEF-406E-A9AA-ECECE94F8CB4}
	EndGlobalSection
EndGlobal
